
Microsoft Visual Studio Solution File, Format Version 12.00
# Visual Studio Version 17
VisualStudioVersion = 17.8.34309.116
MinimumVisualStudioVersion = 10.0.40219.1
Project("{9A19103F-16F7-4668-BE54-9A1E7A4F7556}") = "blazorwasam", "blazorwasam\blazorwasam.csproj", "{E5699AC5-4C38-4186-8C47-A773FC3B8FF1}"
EndProject
Global
	GlobalSection(SolutionConfigurationPlatforms) = preSolution
		Debug|Any CPU = Debug|Any CPU
		Release|Any CPU = Release|Any CPU
	EndGlobalSection
	GlobalSection(ProjectConfigurationPlatforms) = postSolution
		{E5699AC5-4C38-4186-8C47-A773FC3B8FF1}.Debug|Any CPU.ActiveCfg = Debug|Any CPU
		{E5699AC5-4C38-4186-8C47-A773FC3B8FF1}.Debug|Any CPU.Build.0 = Debug|Any CPU
		{E5699AC5-4C38-4186-8C47-A773FC3B8FF1}.Release|Any CPU.ActiveCfg = Release|Any CPU
		{E5699AC5-4C38-4186-8C47-A773FC3B8FF1}.Release|Any CPU.Build.0 = Release|Any CPU
	EndGlobalSection
	GlobalSection(SolutionProperties) = preSolution
		HideSolutionNode = FALSE
	EndGlobalSection
	GlobalSection(ExtensibilityGlobals) = postSolution
		SolutionGuid = {81E39E32-1ECB-49D6-A903-2866274A5979}
	EndGlobalSection
EndGlobal
